
Microsoft Visual Studio Solution File, Format Version 12.00
# Visual Studio Version 17
VisualStudioVersion = 17.13.35913.81
MinimumVisualStudioVersion = 10.0.40219.1
Project("{FAE04EC0-301F-11D3-BF4B-00C04F79EFBC}") = "EffectiveMobileAdWebApi", "EffectiveMobileAdWebApi\EffectiveMobileAdWebApi.csproj", "{1A49A231-5840-435E-BCB8-071DD7D66145}"
EndProject
Project("{FAE04EC0-301F-11D3-BF4B-00C04F79EFBC}") = "EffectiveMobileAdWebApiTests", "EffectiveMobileAdWebApiTests\EffectiveMobileAdWebApiTests.csproj", "{444A1982-196C-4981-82F7-6A016CFF0EB5}"
EndProject
Global
	GlobalSection(SolutionConfigurationPlatforms) = preSolution
		Debug|Any CPU = Debug|Any CPU
		Release|Any CPU = Release|Any CPU
	EndGlobalSection
	GlobalSection(ProjectConfigurationPlatforms) = postSolution
		{1A49A231-5840-435E-BCB8-071DD7D66145}.Debug|Any CPU.ActiveCfg = Debug|Any CPU
		{1A49A231-5840-435E-BCB8-071DD7D66145}.Debug|Any CPU.Build.0 = Debug|Any CPU
		{1A49A231-5840-435E-BCB8-071DD7D66145}.Release|Any CPU.ActiveCfg = Release|Any CPU
		{1A49A231-5840-435E-BCB8-071DD7D66145}.Release|Any CPU.Build.0 = Release|Any CPU
		{444A1982-196C-4981-82F7-6A016CFF0EB5}.Debug|Any CPU.ActiveCfg = Debug|Any CPU
		{444A1982-196C-4981-82F7-6A016CFF0EB5}.Debug|Any CPU.Build.0 = Debug|Any CPU
		{444A1982-196C-4981-82F7-6A016CFF0EB5}.Release|Any CPU.ActiveCfg = Release|Any CPU
		{444A1982-196C-4981-82F7-6A016CFF0EB5}.Release|Any CPU.Build.0 = Release|Any CPU
	EndGlobalSection
	GlobalSection(SolutionProperties) = preSolution
		HideSolutionNode = FALSE
	EndGlobalSection
	GlobalSection(ExtensibilityGlobals) = postSolution
		SolutionGuid = {3B2ACFC2-5153-462C-9C3E-40DB3EEA5E45}
	EndGlobalSection
EndGlobal
